
Microsoft Visual Studio Solution File, Format Version 12.00
# Visual Studio Version 16
VisualStudioVersion = 16.0.31911.196
MinimumVisualStudioVersion = 10.0.40219.1
Project("{8BC9CEB8-8B4A-11D0-8D11-00A0C91BC942}") = "duilibBitmapClient", "duilibBitmapClient\duilibBitmapClient.vcxproj", "{C6FDF40F-3081-4B6B-9C8C-0981589A24DB}"
EndProject
Project("{8BC9CEB8-8B4A-11D0-8D11-00A0C91BC942}") = "DuiLib2019", "DuiLib\DuiLib2019.vcxproj", "{E106ACD7-4E53-4AEE-942B-D0DD426DB34E}"
EndProject
Global
	GlobalSection(SolutionConfigurationPlatforms) = preSolution
		Debug|x64 = Debug|x64
		Debug|x86 = Debug|x86
		Release|x64 = Release|x64
		Release|x86 = Release|x86
		UnicodeDebug|x64 = UnicodeDebug|x64
		UnicodeDebug|x86 = UnicodeDebug|x86
		UnicodeRelease|x64 = UnicodeRelease|x64
		UnicodeRelease|x86 = UnicodeRelease|x86
		xsDebug|x64 = xsDebug|x64
		xsDebug|x86 = xsDebug|x86
		xsRelease|x64 = xsRelease|x64
		xsRelease|x86 = xsRelease|x86
		xsUnicodeDebug|x64 = xsUnicodeDebug|x64
		xsUnicodeDebug|x86 = xsUnicodeDebug|x86
		xsUnicodeRelease|x64 = xsUnicodeRelease|x64
		xsUnicodeRelease|x86 = xsUnicodeRelease|x86
	EndGlobalSection
	GlobalSection(ProjectConfigurationPlatforms) = postSolution
		{C6FDF40F-3081-4B6B-9C8C-0981589A24DB}.Debug|x64.ActiveCfg = Debug|x64
		{C6FDF40F-3081-4B6B-9C8C-0981589A24DB}.Debug|x64.Build.0 = Debug|x64
		{C6FDF40F-3081-4B6B-9C8C-0981589A24DB}.Debug|x86.ActiveCfg = Debug|Win32
		{C6FDF40F-3081-4B6B-9C8C-0981589A24DB}.Debug|x86.Build.0 = Debug|Win32
		{C6FDF40F-3081-4B6B-9C8C-0981589A24DB}.Release|x64.ActiveCfg = Release|x64
		{C6FDF40F-3081-4B6B-9C8C-0981589A24DB}.Release|x64.Build.0 = Release|x64
		{C6FDF40F-3081-4B6B-9C8C-0981589A24DB}.Release|x86.ActiveCfg = Release|Win32
		{C6FDF40F-3081-4B6B-9C8C-0981589A24DB}.Release|x86.Build.0 = Release|Win32
		{C6FDF40F-3081-4B6B-9C8C-0981589A24DB}.UnicodeDebug|x64.ActiveCfg = Debug|x64
		{C6FDF40F-3081-4B6B-9C8C-0981589A24DB}.UnicodeDebug|x64.Build.0 = Debug|x64
		{C6FDF40F-3081-4B6B-9C8C-0981589A24DB}.UnicodeDebug|x86.ActiveCfg = Debug|Win32
		{C6FDF40F-3081-4B6B-9C8C-0981589A24DB}.UnicodeDebug|x86.Build.0 = Debug|Win32
		{C6FDF40F-3081-4B6B-9C8C-0981589A24DB}.UnicodeRelease|x64.ActiveCfg = Release|x64
		{C6FDF40F-3081-4B6B-9C8C-0981589A24DB}.UnicodeRelease|x64.Build.0 = Release|x64
		{C6FDF40F-3081-4B6B-9C8C-0981589A24DB}.UnicodeRelease|x86.ActiveCfg = Release|Win32
		{C6FDF40F-3081-4B6B-9C8C-0981589A24DB}.UnicodeRelease|x86.Build.0 = Release|Win32
		{C6FDF40F-3081-4B6B-9C8C-0981589A24DB}.xsDebug|x64.ActiveCfg = Debug|x64
		{C6FDF40F-3081-4B6B-9C8C-0981589A24DB}.xsDebug|x64.Build.0 = Debug|x64
		{C6FDF40F-3081-4B6B-9C8C-0981589A24DB}.xsDebug|x86.ActiveCfg = Debug|Win32
		{C6FDF40F-3081-4B6B-9C8C-0981589A24DB}.xsDebug|x86.Build.0 = Debug|Win32
		{C6FDF40F-3081-4B6B-9C8C-0981589A24DB}.xsRelease|x64.ActiveCfg = Release|x64
		{C6FDF40F-3081-4B6B-9C8C-0981589A24DB}.xsRelease|x64.Build.0 = Release|x64
		{C6FDF40F-3081-4B6B-9C8C-0981589A24DB}.xsRelease|x86.ActiveCfg = Release|Win32
		{C6FDF40F-3081-4B6B-9C8C-0981589A24DB}.xsRelease|x86.Build.0 = Release|Win32
		{C6FDF40F-3081-4B6B-9C8C-0981589A24DB}.xsUnicodeDebug|x64.ActiveCfg = Debug|x64
		{C6FDF40F-3081-4B6B-9C8C-0981589A24DB}.xsUnicodeDebug|x64.Build.0 = Debug|x64
		{C6FDF40F-3081-4B6B-9C8C-0981589A24DB}.xsUnicodeDebug|x86.ActiveCfg = Debug|Win32
		{C6FDF40F-3081-4B6B-9C8C-0981589A24DB}.xsUnicodeDebug|x86.Build.0 = Debug|Win32
		{C6FDF40F-3081-4B6B-9C8C-0981589A24DB}.xsUnicodeRelease|x64.ActiveCfg = Release|x64
		{C6FDF40F-3081-4B6B-9C8C-0981589A24DB}.xsUnicodeRelease|x64.Build.0 = Release|x64
		{C6FDF40F-3081-4B6B-9C8C-0981589A24DB}.xsUnicodeRelease|x86.ActiveCfg = Release|Win32
		{C6FDF40F-3081-4B6B-9C8C-0981589A24DB}.xsUnicodeRelease|x86.Build.0 = Release|Win32
		{E106ACD7-4E53-4AEE-942B-D0DD426DB34E}.Debug|x64.ActiveCfg = Debug|x64
		{E106ACD7-4E53-4AEE-942B-D0DD426DB34E}.Debug|x64.Build.0 = Debug|x64
		{E106ACD7-4E53-4AEE-942B-D0DD426DB34E}.Debug|x86.ActiveCfg = Debug|Win32
		{E106ACD7-4E53-4AEE-942B-D0DD426DB34E}.Debug|x86.Build.0 = Debug|Win32
		{E106ACD7-4E53-4AEE-942B-D0DD426DB34E}.Release|x64.ActiveCfg = Release|x64
		{E106ACD7-4E53-4AEE-942B-D0DD426DB34E}.Release|x64.Build.0 = Release|x64
		{E106ACD7-4E53-4AEE-942B-D0DD426DB34E}.Release|x86.ActiveCfg = Release|Win32
		{E106ACD7-4E53-4AEE-942B-D0DD426DB34E}.Release|x86.Build.0 = Release|Win32
		{E106ACD7-4E53-4AEE-942B-D0DD426DB34E}.UnicodeDebug|x64.ActiveCfg = UnicodeDebug|x64
		{E106ACD7-4E53-4AEE-942B-D0DD426DB34E}.UnicodeDebug|x64.Build.0 = UnicodeDebug|x64
		{E106ACD7-4E53-4AEE-942B-D0DD426DB34E}.UnicodeDebug|x86.ActiveCfg = UnicodeDebug|Win32
		{E106ACD7-4E53-4AEE-942B-D0DD426DB34E}.UnicodeDebug|x86.Build.0 = UnicodeDebug|Win32
		{E106ACD7-4E53-4AEE-942B-D0DD426DB34E}.UnicodeRelease|x64.ActiveCfg = UnicodeRelease|x64
		{E106ACD7-4E53-4AEE-942B-D0DD426DB34E}.UnicodeRelease|x64.Build.0 = UnicodeRelease|x64
		{E106ACD7-4E53-4AEE-942B-D0DD426DB34E}.UnicodeRelease|x86.ActiveCfg = UnicodeRelease|Win32
		{E106ACD7-4E53-4AEE-942B-D0DD426DB34E}.UnicodeRelease|x86.Build.0 = UnicodeRelease|Win32
		{E106ACD7-4E53-4AEE-942B-D0DD426DB34E}.xsDebug|x64.ActiveCfg = xsDebug|x64
		{E106ACD7-4E53-4AEE-942B-D0DD426DB34E}.xsDebug|x64.Build.0 = xsDebug|x64
		{E106ACD7-4E53-4AEE-942B-D0DD426DB34E}.xsDebug|x86.ActiveCfg = xsDebug|Win32
		{E106ACD7-4E53-4AEE-942B-D0DD426DB34E}.xsDebug|x86.Build.0 = xsDebug|Win32
		{E106ACD7-4E53-4AEE-942B-D0DD426DB34E}.xsRelease|x64.ActiveCfg = xsRelease|x64
		{E106ACD7-4E53-4AEE-942B-D0DD426DB34E}.xsRelease|x64.Build.0 = xsRelease|x64
		{E106ACD7-4E53-4AEE-942B-D0DD426DB34E}.xsRelease|x86.ActiveCfg = xsRelease|Win32
		{E106ACD7-4E53-4AEE-942B-D0DD426DB34E}.xsRelease|x86.Build.0 = xsRelease|Win32
		{E106ACD7-4E53-4AEE-942B-D0DD426DB34E}.xsUnicodeDebug|x64.ActiveCfg = xsUnicodeDebug|x64
		{E106ACD7-4E53-4AEE-942B-D0DD426DB34E}.xsUnicodeDebug|x64.Build.0 = xsUnicodeDebug|x64
		{E106ACD7-4E53-4AEE-942B-D0DD426DB34E}.xsUnicodeDebug|x86.ActiveCfg = xsUnicodeDebug|Win32
		{E106ACD7-4E53-4AEE-942B-D0DD426DB34E}.xsUnicodeDebug|x86.Build.0 = xsUnicodeDebug|Win32
		{E106ACD7-4E53-4AEE-942B-D0DD426DB34E}.xsUnicodeRelease|x64.ActiveCfg = xsUnicodeRelease|x64
		{E106ACD7-4E53-4AEE-942B-D0DD426DB34E}.xsUnicodeRelease|x64.Build.0 = xsUnicodeRelease|x64
		{E106ACD7-4E53-4AEE-942B-D0DD426DB34E}.xsUnicodeRelease|x86.ActiveCfg = xsUnicodeRelease|Win32
		{E106ACD7-4E53-4AEE-942B-D0DD426DB34E}.xsUnicodeRelease|x86.Build.0 = xsUnicodeRelease|Win32
	EndGlobalSection
	GlobalSection(SolutionProperties) = preSolution
		HideSolutionNode = FALSE
	EndGlobalSection
	GlobalSection(ExtensibilityGlobals) = postSolution
		SolutionGuid = {55A62CFA-B2C5-4903-84F8-B88054B3F235}
	EndGlobalSection
EndGlobal
